github.com/richtong/hugo-universal-theme v0.0.0-20241011155955-cfc9f1cb7741 h1:fKEDnQgU/N8+PQbIC7UOiVjB4NsyNODkbdBaDnqhers=
github.com/richtong/hugo-universal-theme v0.0.0-20241011155955-cfc9f1cb7741/go.mod h1:YwMbXmJl04QKcIhXBfQfTCCcEIC/WWj75FntaOTz7Vw=
github.com/richtong/hugo-universal-theme v0.0.0-20241115231103-bb3f232a82e9 h1:dJSvqDiUmzeDeT6m5DWR8gj2xzU5OMYRhxr67B+qnQs=
github.com/richtong/hugo-universal-theme v0.0.0-20241115231103-bb3f232a82e9/go.mod h1:YwMbXmJl04QKcIhXBfQfTCCcEIC/WWj75FntaOTz7Vw=
